{
    "_meta": {
        "hash": {
            "sha256": "4cf83643ce408c1d43261cdd6d53513890c5ab786e0e9c895f95566133eb1496"
        },
        "pipfile-spec": 6,
        "requires": {
            "python_version": "3.7"
        },
        "sources": [
            {
                "name": "pypi",
                "url": "https://pypi.python.org/simple",
                "verify_ssl": true
            }
        ]
    },
    "default": {
        "e1839a8": {
            "editable": true,
            "path": "."
        },
        "mo-future": {
            "hashes": [
                "sha256:3d1bfce849d26f56ad6db05ae8e783756ac0d195bc55942a775d9013d3cc5c04"
            ],
            "index": "pypi",
            "version": "==3.51.20059"
        },
        "pyparsing": {
            "hashes": [
                "sha256:66c9268862641abcac4a96ba74506e594c884e3f57690a696d21ad8210ed667a",
                "sha256:f6c5ef0d7480ad048c054c37632c67fca55299990fff127850181659eea33fc3"
            ],
            "index": "pypi",
            "version": "==2.3.1"
        }
    },
    "develop": {}
}
